
Microsoft Visual Studio Solution File, Format Version 12.00
# Visual Studio 15
VisualStudioVersion = 15.0.28307.329
MinimumVisualStudioVersion = 10.0.40219.1
Project("{2150E333-8FDC-42A3-9474-1A3956D46DE8}") = "Common", "Common", "{24BB25B6-6CCD-41DE-B01A-7316F71C5C6A}"
EndProject
Project("{2150E333-8FDC-42A3-9474-1A3956D46DE8}") = "Servises", "Servises", "{07CF072C-E557-4784-B978-E2CE1BE1E8B7}"
EndProject
Project("{2150E333-8FDC-42A3-9474-1A3956D46DE8}") = "UI", "UI", "{63CA1A29-3C92-44AE-8919-A7BF4BFAC286}"
EndProject
Project("{9A19103F-16F7-4668-BE54-9A1E7A4F7556}") = "WebStore.Domain", "Common\WebStore.Domain\WebStore.Domain.csproj", "{E703FA8A-E5AD-47A8-A5A6-74FF51477D4A}"
EndProject
Project("{9A19103F-16F7-4668-BE54-9A1E7A4F7556}") = "WebStore.DAL", "Services\WebStore.DAL\WebStore.DAL.csproj", "{95902218-2D31-4468-BAA5-D4F3E5003374}"
EndProject
Project("{9A19103F-16F7-4668-BE54-9A1E7A4F7556}") = "WebStore", "UI\WebStore\WebStore.csproj", "{BBC08F25-7196-476D-AF6D-9B1F11DB5631}"
EndProject
Project("{9A19103F-16F7-4668-BE54-9A1E7A4F7556}") = "WebStore.ServiceHosting", "Services\WebStore.ServiceHosting\WebStore.ServiceHosting.csproj", "{F35818EE-F0B8-4E3C-923A-92BE1FDA6029}"
EndProject
Project("{9A19103F-16F7-4668-BE54-9A1E7A4F7556}") = "WebStore.Interfaces", "Services\WebStore.Interfaces\WebStore.Interfaces.csproj", "{D11F20B4-DC36-476B-821D-77AA48F4E4D7}"
EndProject
Project("{9A19103F-16F7-4668-BE54-9A1E7A4F7556}") = "WebStore.Services", "Services\WebStore.Services\WebStore.Services.csproj", "{AB2A428C-A711-4F88-947D-462B29C10D7C}"
EndProject
Project("{9A19103F-16F7-4668-BE54-9A1E7A4F7556}") = "WebStore.Clients", "Services\WebStore.Clients\WebStore.Clients.csproj", "{F688ABE3-86E4-4427-B85A-F263F3119E3D}"
EndProject
Project("{9A19103F-16F7-4668-BE54-9A1E7A4F7556}") = "WebStore.Logger", "Common\WebStore.Logger\WebStore.Logger.csproj", "{47675E5C-DAF0-4115-8686-E383D943DE13}"
EndProject
Project("{2150E333-8FDC-42A3-9474-1A3956D46DE8}") = "Tests", "Tests", "{C343D572-5956-4B9C-93C5-2462EA7A5E6B}"
EndProject
Project("{FAE04EC0-301F-11D3-BF4B-00C04F79EFBC}") = "WebStore.Tests", "Tests\WebStore.Tests\WebStore.Tests.csproj", "{A7DE1134-9C60-4ABE-8696-10606F09EB9E}"
EndProject
Project("{FAE04EC0-301F-11D3-BF4B-00C04F79EFBC}") = "WebStore.Services.Tests", "Tests\WebStore.Services.Tests\WebStore.Services.Tests.csproj", "{B7032888-3D64-4BEA-9EAE-7A0C5672C5A5}"
EndProject
Global
	GlobalSection(SolutionConfigurationPlatforms) = preSolution
		Debug|Any CPU = Debug|Any CPU
		Release|Any CPU = Release|Any CPU
	EndGlobalSection
	GlobalSection(ProjectConfigurationPlatforms) = postSolution
		{E703FA8A-E5AD-47A8-A5A6-74FF51477D4A}.Debug|Any CPU.ActiveCfg = Debug|Any CPU
		{E703FA8A-E5AD-47A8-A5A6-74FF51477D4A}.Debug|Any CPU.Build.0 = Debug|Any CPU
		{E703FA8A-E5AD-47A8-A5A6-74FF51477D4A}.Release|Any CPU.ActiveCfg = Release|Any CPU
		{E703FA8A-E5AD-47A8-A5A6-74FF51477D4A}.Release|Any CPU.Build.0 = Release|Any CPU
		{95902218-2D31-4468-BAA5-D4F3E5003374}.Debug|Any CPU.ActiveCfg = Debug|Any CPU
		{95902218-2D31-4468-BAA5-D4F3E5003374}.Debug|Any CPU.Build.0 = Debug|Any CPU
		{95902218-2D31-4468-BAA5-D4F3E5003374}.Release|Any CPU.ActiveCfg = Release|Any CPU
		{95902218-2D31-4468-BAA5-D4F3E5003374}.Release|Any CPU.Build.0 = Release|Any CPU
		{BBC08F25-7196-476D-AF6D-9B1F11DB5631}.Debug|Any CPU.ActiveCfg = Debug|Any CPU
		{BBC08F25-7196-476D-AF6D-9B1F11DB5631}.Debug|Any CPU.Build.0 = Debug|Any CPU
		{BBC08F25-7196-476D-AF6D-9B1F11DB5631}.Release|Any CPU.ActiveCfg = Release|Any CPU
		{BBC08F25-7196-476D-AF6D-9B1F11DB5631}.Release|Any CPU.Build.0 = Release|Any CPU
		{F35818EE-F0B8-4E3C-923A-92BE1FDA6029}.Debug|Any CPU.ActiveCfg = Debug|Any CPU
		{F35818EE-F0B8-4E3C-923A-92BE1FDA6029}.Debug|Any CPU.Build.0 = Debug|Any CPU
		{F35818EE-F0B8-4E3C-923A-92BE1FDA6029}.Release|Any CPU.ActiveCfg = Release|Any CPU
		{F35818EE-F0B8-4E3C-923A-92BE1FDA6029}.Release|Any CPU.Build.0 = Release|Any CPU
		{D11F20B4-DC36-476B-821D-77AA48F4E4D7}.Debug|Any CPU.ActiveCfg = Debug|Any CPU
		{D11F20B4-DC36-476B-821D-77AA48F4E4D7}.Debug|Any CPU.Build.0 = Debug|Any CPU
		{D11F20B4-DC36-476B-821D-77AA48F4E4D7}.Release|Any CPU.ActiveCfg = Release|Any CPU
		{D11F20B4-DC36-476B-821D-77AA48F4E4D7}.Release|Any CPU.Build.0 = Release|Any CPU
		{AB2A428C-A711-4F88-947D-462B29C10D7C}.Debug|Any CPU.ActiveCfg = Debug|Any CPU
		{AB2A428C-A711-4F88-947D-462B29C10D7C}.Debug|Any CPU.Build.0 = Debug|Any CPU
		{AB2A428C-A711-4F88-947D-462B29C10D7C}.Release|Any CPU.ActiveCfg = Release|Any CPU
		{AB2A428C-A711-4F88-947D-462B29C10D7C}.Release|Any CPU.Build.0 = Release|Any CPU
		{F688ABE3-86E4-4427-B85A-F263F3119E3D}.Debug|Any CPU.ActiveCfg = Debug|Any CPU
		{F688ABE3-86E4-4427-B85A-F263F3119E3D}.Debug|Any CPU.Build.0 = Debug|Any CPU
		{F688ABE3-86E4-4427-B85A-F263F3119E3D}.Release|Any CPU.ActiveCfg = Release|Any CPU
		{F688ABE3-86E4-4427-B85A-F263F3119E3D}.Release|Any CPU.Build.0 = Release|Any CPU
		{47675E5C-DAF0-4115-8686-E383D943DE13}.Debug|Any CPU.ActiveCfg = Debug|Any CPU
		{47675E5C-DAF0-4115-8686-E383D943DE13}.Debug|Any CPU.Build.0 = Debug|Any CPU
		{47675E5C-DAF0-4115-8686-E383D943DE13}.Release|Any CPU.ActiveCfg = Release|Any CPU
		{47675E5C-DAF0-4115-8686-E383D943DE13}.Release|Any CPU.Build.0 = Release|Any CPU
		{A7DE1134-9C60-4ABE-8696-10606F09EB9E}.Debug|Any CPU.ActiveCfg = Debug|Any CPU
		{A7DE1134-9C60-4ABE-8696-10606F09EB9E}.Debug|Any CPU.Build.0 = Debug|Any CPU
		{A7DE1134-9C60-4ABE-8696-10606F09EB9E}.Release|Any CPU.ActiveCfg = Release|Any CPU
		{A7DE1134-9C60-4ABE-8696-10606F09EB9E}.Release|Any CPU.Build.0 = Release|Any CPU
		{B7032888-3D64-4BEA-9EAE-7A0C5672C5A5}.Debug|Any CPU.ActiveCfg = Debug|Any CPU
		{B7032888-3D64-4BEA-9EAE-7A0C5672C5A5}.Debug|Any CPU.Build.0 = Debug|Any CPU
		{B7032888-3D64-4BEA-9EAE-7A0C5672C5A5}.Release|Any CPU.ActiveCfg = Release|Any CPU
		{B7032888-3D64-4BEA-9EAE-7A0C5672C5A5}.Release|Any CPU.Build.0 = Release|Any CPU
	EndGlobalSection
	GlobalSection(SolutionProperties) = preSolution
		HideSolutionNode = FALSE
	EndGlobalSection
	GlobalSection(NestedProjects) = preSolution
		{E703FA8A-E5AD-47A8-A5A6-74FF51477D4A} = {24BB25B6-6CCD-41DE-B01A-7316F71C5C6A}
		{95902218-2D31-4468-BAA5-D4F3E5003374} = {07CF072C-E557-4784-B978-E2CE1BE1E8B7}
		{BBC08F25-7196-476D-AF6D-9B1F11DB5631} = {63CA1A29-3C92-44AE-8919-A7BF4BFAC286}
		{F35818EE-F0B8-4E3C-923A-92BE1FDA6029} = {07CF072C-E557-4784-B978-E2CE1BE1E8B7}
		{D11F20B4-DC36-476B-821D-77AA48F4E4D7} = {07CF072C-E557-4784-B978-E2CE1BE1E8B7}
		{AB2A428C-A711-4F88-947D-462B29C10D7C} = {07CF072C-E557-4784-B978-E2CE1BE1E8B7}
		{F688ABE3-86E4-4427-B85A-F263F3119E3D} = {07CF072C-E557-4784-B978-E2CE1BE1E8B7}
		{47675E5C-DAF0-4115-8686-E383D943DE13} = {24BB25B6-6CCD-41DE-B01A-7316F71C5C6A}
		{A7DE1134-9C60-4ABE-8696-10606F09EB9E} = {C343D572-5956-4B9C-93C5-2462EA7A5E6B}
		{B7032888-3D64-4BEA-9EAE-7A0C5672C5A5} = {C343D572-5956-4B9C-93C5-2462EA7A5E6B}
	EndGlobalSection
	GlobalSection(ExtensibilityGlobals) = postSolution
		SolutionGuid = {8D6033B8-CC61-454F-8F39-6774B8D6E34F}
	EndGlobalSection
EndGlobal
